
Microsoft Visual Studio Solution File, Format Version 12.00
# Visual Studio Version 17
VisualStudioVersion = 17.10.35004.147
MinimumVisualStudioVersion = 10.0.40219.1
Project("{9A19103F-16F7-4668-BE54-9A1E7A4F7556}") = "Vestillo.IDFaceAPI", "Vestillo.IDFaceAPI\Vestillo.IDFaceAPI.csproj", "{997DD7E5-0F7A-4C53-B8C2-377DFC2F9A44}"
EndProject
Project("{2150E333-8FDC-42A3-9474-1A3956D46DE8}") = "Libs", "Libs", "{0A3BFB9A-9A2A-443B-BE13-7F5C834ECD72}"
	ProjectSection(SolutionItems) = preProject
		Libs\Dapper.dll = Libs\Dapper.dll
		Libs\MySql.Data.dll = Libs\MySql.Data.dll
		Libs\Newtonsoft.Json.dll = Libs\Newtonsoft.Json.dll
		Libs\System.Configuration.ConfigurationManager.dll = Libs\System.Configuration.ConfigurationManager.dll
		Libs\System.Security.Cryptography.ProtectedData.dll = Libs\System.Security.Cryptography.ProtectedData.dll
		Libs\System.Security.Permissions.dll = Libs\System.Security.Permissions.dll
		Libs\Vestillo.Business.dll = Libs\Vestillo.Business.dll
		Libs\Vestillo.Cadastros.dll = Libs\Vestillo.Cadastros.dll
		Libs\Vestillo.Connection.dll = Libs\Vestillo.Connection.dll
		Libs\Vestillo.Core.dll = Libs\Vestillo.Core.dll
		Libs\Vestillo.Financeiros.dll = Libs\Vestillo.Financeiros.dll
		Libs\Vestillo.Lib.dll = Libs\Vestillo.Lib.dll
	EndProjectSection
EndProject
Project("{FAE04EC0-301F-11D3-BF4B-00C04F79EFBC}") = "Vestillo.IDFaceAPI31", "Vestillo.IDFaceAPI31\Vestillo.IDFaceAPI31.csproj", "{7B6D7968-3A3F-426B-89C2-F50DE1151C1E}"
EndProject
Global
	GlobalSection(SolutionConfigurationPlatforms) = preSolution
		Debug|Any CPU = Debug|Any CPU
		Release|Any CPU = Release|Any CPU
	EndGlobalSection
	GlobalSection(ProjectConfigurationPlatforms) = postSolution
		{997DD7E5-0F7A-4C53-B8C2-377DFC2F9A44}.Debug|Any CPU.ActiveCfg = Debug|Any CPU
		{997DD7E5-0F7A-4C53-B8C2-377DFC2F9A44}.Debug|Any CPU.Build.0 = Debug|Any CPU
		{997DD7E5-0F7A-4C53-B8C2-377DFC2F9A44}.Release|Any CPU.ActiveCfg = Release|Any CPU
		{997DD7E5-0F7A-4C53-B8C2-377DFC2F9A44}.Release|Any CPU.Build.0 = Release|Any CPU
		{7B6D7968-3A3F-426B-89C2-F50DE1151C1E}.Debug|Any CPU.ActiveCfg = Debug|Any CPU
		{7B6D7968-3A3F-426B-89C2-F50DE1151C1E}.Debug|Any CPU.Build.0 = Debug|Any CPU
		{7B6D7968-3A3F-426B-89C2-F50DE1151C1E}.Release|Any CPU.ActiveCfg = Release|Any CPU
		{7B6D7968-3A3F-426B-89C2-F50DE1151C1E}.Release|Any CPU.Build.0 = Release|Any CPU
	EndGlobalSection
	GlobalSection(SolutionProperties) = preSolution
		HideSolutionNode = FALSE
	EndGlobalSection
	GlobalSection(ExtensibilityGlobals) = postSolution
		SolutionGuid = {9F97B6E2-B8B3-4B37-9176-7DD58A9FF462}
	EndGlobalSection
EndGlobal
